// !$*UTF8*$!
{
	archiveVersion = 1;
	classes = {
	};
	objectVersion = 77;
	objects = {

/* Begin PBXContainerItemProxy section */
		A013DD6E2D207D19009B849D /* PBXContainerItemProxy */ = {
			isa = PBXContainerItemProxy;
			containerPortal = A013DD552D207D17009B849D /* Project object */;
			proxyType = 1;
			remoteGlobalIDString = A013DD5C2D207D17009B849D;
			remoteInfo = HealthSense;
		};
		A013DD782D207D19009B849D /* PBXContainerItemProxy */ = {
			isa = PBXContainerItemProxy;
			containerPortal = A013DD552D207D17009B849D /* Project object */;
			proxyType = 1;
			remoteGlobalIDString = A013DD5C2D207D17009B849D;
			remoteInfo = HealthSense;
		};
/* End PBXContainerItemProxy section */

/* Begin PBXFileReference section */
		A013DD5D2D207D17009B849D /* HealthSense.app */ = {isa = PBXFileReference; explicitFileType = wrapper.application; includeInIndex = 0; path = HealthSense.app; sourceTree = BUILT_PRODUCTS_DIR; };
		A013DD6D2D207D19009B849D /* HealthSenseTests.xctest */ = {isa = PBXFileReference; explicitFileType = wrapper.cfbundle; includeInIndex = 0; path = HealthSenseTests.xctest; sourceTree = BUILT_PRODUCTS_DIR; };
		A013DD772D207D19009B849D /* HealthSenseUITests.xctest */ = {isa = PBXFileReference; explicitFileType = wrapper.cfbundle; includeInIndex = 0; path = HealthSenseUITests.xctest; sourceTree = BUILT_PRODUCTS_DIR; };
/* End PBXFileReference section */

/* Begin PBXFileSystemSynchronizedRootGroup section */
		A013DD5F2D207D17009B849D /* HealthSense */ = {
			isa = PBXFileSystemSynchronizedRootGroup;
			path = HealthSense;
			sourceTree = "<group>";
		};
		A013DD702D207D19009B849D /* HealthSenseTests */ = {
			isa = PBXFileSystemSynchronizedRootGroup;
			path = HealthSenseTests;
			sourceTree = "<group>";
		};
		A013DD7A2D207D19009B849D /* HealthSenseUITests */ = {
			isa = PBXFileSystemSynchronizedRootGroup;
			path = HealthSenseUITests;
			sourceTree = "<group>";
		};
		A013DD8B2D207F46009B849D /* App images */ = {
			isa = PBXFileSystemSynchronizedRootGroup;
			path = "App images";
			sourceTree = "<group>";
		};
/* End PBXFileSystemSynchronizedRootGroup section */

/* Begin PBXFrameworksBuildPhase section */
		A013DD5A2D207D17009B849D /* Frameworks */ = {
			isa = PBXFrameworksBuildPhase;
			buildActionMask = 2147483647;
			files = (
			);
			runOnlyForDeploymentPostprocessing = 0;
		};
		A013DD6A2D207D19009B849D /* Frameworks */ = {
			isa = PBXFrameworksBuildPhase;
			buildActionMask = 2147483647;
			files = (
			);
			runOnlyForDeploymentPostprocessing = 0;
		};
		A013DD742D207D19009B849D /* Frameworks */ = {
			isa = PBXFrameworksBuildPhase;
			buildActionMask = 2147483647;
			files = (
			);
			runOnlyForDeploymentPostprocessing = 0;
		};
/* End PBXFrameworksBuildPhase section */

/* Begin PBXGroup section */
		A013DD542D207D17009B849D = {
			isa = PBXGroup;
			children = (
				A013DD5F2D207D17009B849D /* HealthSense */,
				A013DD702D207D19009B849D /* HealthSenseTests */,
				A013DD7A2D207D19009B849D /* HealthSenseUITests */,
				A013DD8B2D207F46009B849D /* App images */,
				A013DD5E2D207D17009B849D /* Products */,
			);
			sourceTree = "<group>";
		};
		A013DD5E2D207D17009B849D /* Products */ = {
			isa = PBXGroup;
			children = (
				A013DD5D2D207D17009B849D /* HealthSense.app */,
				A013DD6D2D207D19009B849D /* HealthSenseTests.xctest */,
				A013DD772D207D19009B849D /* HealthSenseUITests.xctest */,
			);
			name = Products;
			sourceTree = "<group>";
		};
/* End PBXGroup section */

/* Begin PBXNativeTarget section */
		A013DD5C2D207D17009B849D /* HealthSense */ = {
			isa = PBXNativeTarget;
			buildConfigurationList = A013DD812D207D19009B849D /* Build configuration list for PBXNativeTarget "HealthSense" */;
			buildPhases = (
				A013DD592D207D17009B849D /* Sources */,
				A013DD5A2D207D17009B849D /* Frameworks */,
				A013DD5B2D207D17009B849D /* Resources */,
			);
			buildRules = (
			);
			dependencies = (
			);
			fileSystemSynchronizedGroups = (
				A013DD5F2D207D17009B849D /* HealthSense */,
				A013DD8B2D207F46009B849D /* App images */,
			);
			name = HealthSense;
			packageProductDependencies = (
			);
			productName = HealthSense;
			productReference = A013DD5D2D207D17009B849D /* HealthSense.app */;
			productType = "com.apple.product-type.application";
		};
		A013DD6C2D207D19009B849D /* HealthSenseTests */ = {
			isa = PBXNativeTarget;
			buildConfigurationList = A013DD842D207D19009B849D /* Build configuration list for PBXNativeTarget "HealthSenseTests" */;
			buildPhases = (
				A013DD692D207D19009B849D /* Sources */,
				A013DD6A2D207D19009B849D /* Frameworks */,
				A013DD6B2D207D19009B849D /* Resources */,
			);
			buildRules = (
			);
			dependencies = (
				A013DD6F2D207D19009B849D /* PBXTargetDependency */,
			);
			fileSystemSynchronizedGroups = (
				A013DD702D207D19009B849D /* HealthSenseTests */,
			);
			name = HealthSenseTests;
			packageProductDependencies = (
			);
			productName = HealthSenseTests;
			productReference = A013DD6D2D207D19009B849D /* HealthSenseTests.xctest */;
			productType = "com.apple.product-type.bundle.unit-test";
		};
		A013DD762D207D19009B849D /* HealthSenseUITests */ = {
			isa = PBXNativeTarget;
			buildConfigurationList = A013DD872D207D19009B849D /* Build configuration list for PBXNativeTarget "HealthSenseUITests" */;
			buildPhases = (
				A013DD732D207D19009B849D /* Sources */,
				A013DD742D207D19009B849D /* Frameworks */,
				A013DD752D207D19009B849D /* Resources */,
			);
			buildRules = (
			);
			dependencies = (
				A013DD792D207D19009B849D /* PBXTargetDependency */,
			);
			fileSystemSynchronizedGroups = (
				A013DD7A2D207D19009B849D /* HealthSenseUITests */,
			);
			name = HealthSenseUITests;
			packageProductDependencies = (
			);
			productName = HealthSenseUITests;
			productReference = A013DD772D207D19009B849D /* HealthSenseUITests.xctest */;
			productType = "com.apple.product-type.bundle.ui-testing";
		};
/* End PBXNativeTarget section */

/* Begin PBXProject section */
		A013DD552D207D17009B849D /* Project object */ = {
			isa = PBXProject;
			attributes = {
				BuildIndependentTargetsInParallel = 1;
				LastSwiftUpdateCheck = 1600;
				LastUpgradeCheck = 1600;
				TargetAttributes = {
					A013DD5C2D207D17009B849D = {
						CreatedOnToolsVersion = 16.0;
					};
					A013DD6C2D207D19009B849D = {
						CreatedOnToolsVersion = 16.0;
						TestTargetID = A013DD5C2D207D17009B849D;
					};
					A013DD762D207D19009B849D = {
						CreatedOnToolsVersion = 16.0;
						TestTargetID = A013DD5C2D207D17009B849D;
					};
				};
			};
			buildConfigurationList = A013DD582D207D17009B849D /* Build configuration list for PBXProject "HealthSense" */;
			developmentRegion = en;
			hasScannedForEncodings = 0;
			knownRegions = (
				en,
				Base,
			);
			mainGroup = A013DD542D207D17009B849D;
			minimizedProjectReferenceProxies = 1;
			preferredProjectObjectVersion = 77;
			productRefGroup = A013DD5E2D207D17009B849D /* Products */;
			projectDirPath = "";
			projectRoot = "";
			targets = (
				A013DD5C2D207D17009B849D /* HealthSense */,
				A013DD6C2D207D19009B849D /* HealthSenseTests */,
				A013DD762D207D19009B849D /* HealthSenseUITests */,
			);
		};
/* End PBXProject section */

/* Begin PBXResourcesBuildPhase section */
		A013DD5B2D207D17009B849D /* Resources */ = {
			isa = PBXResourcesBuildPhase;
			buildActionMask = 2147483647;
			files = (
			);
			runOnlyForDeploymentPostprocessing = 0;
		};
		A013DD6B2D207D19009B849D /* Resources */ = {
			isa = PBXResourcesBuildPhase;
			buildActionMask = 2147483647;
			files = (
			);
			runOnlyForDeploymentPostprocessing = 0;
		};
		A013DD752D207D19009B849D /* Resources */ = {
			isa = PBXResourcesBuildPhase;
			buildActionMask = 2147483647;
			files = (
			);
			runOnlyForDeploymentPostprocessing = 0;
		};
/* End PBXResourcesBuildPhase section */

/* Begin PBXSourcesBuildPhase section */
		A013DD592D207D17009B849D /* Sources */ = {
			isa = PBXSourcesBuildPhase;
			buildActionMask = 2147483647;
			files = (
			);
			runOnlyForDeploymentPostprocessing = 0;
		};
		A013DD692D207D19009B849D /* Sources */ = {
			isa = PBXSourcesBuildPhase;
			buildActionMask = 2147483647;
			files = (
			);
			runOnlyForDeploymentPostprocessing = 0;
		};
		A013DD732D207D19009B849D /* Sources */ = {
			isa = PBXSourcesBuildPhase;
			buildActionMask = 2147483647;
			files = (
			);
			runOnlyForDeploymentPostprocessing = 0;
		};
/* End PBXSourcesBuildPhase section */

/* Begin PBXTargetDependency section */
		A013DD6F2D207D19009B849D /* PBXTargetDependency */ = {
			isa = PBXTargetDependency;
			target = A013DD5C2D207D17009B849D /* HealthSense */;
			targetProxy = A013DD6E2D207D19009B849D /* PBXContainerItemProxy */;
		};
		A013DD792D207D19009B849D /* PBXTargetDependency */ = {
			isa = PBXTargetDependency;
			target = A013DD5C2D207D17009B849D /* HealthSense */;
			targetProxy = A013DD782D207D19009B849D /* PBXContainerItemProxy */;
		};
/* End PBXTargetDependency section */

/* Begin XCBuildConfiguration section */
		A013DD7F2D207D19009B849D /* Debug */ = {
			isa = XCBuildConfiguration;
			buildSettings = {
				ALWAYS_SEARCH_USER_PATHS = NO;
				ASSETCATALOG_COMPILER_GENERATE_SWIFT_ASSET_SYMBOL_EXTENSIONS = YES;
				CLANG_ANALYZER_NONNULL = YES;
				CLANG_ANALYZER_NUMBER_OBJECT_CONVERSION = YES_AGGRESSIVE;
				CLANG_CXX_LANGUAGE_STANDARD = "gnu++20";
				CLANG_ENABLE_MODULES = YES;
				CLANG_ENABLE_OBJC_ARC = YES;
				CLANG_ENABLE_OBJC_WEAK = YES;
				CLANG_WARN_BLOCK_CAPTURE_AUTORELEASING = YES;
				CLANG_WARN_BOOL_CONVERSION = YES;
				CLANG_WARN_COMMA = YES;
				CLANG_WARN_CONSTANT_CONVERSION = YES;
				CLANG_WARN_DEPRECATED_OBJC_IMPLEMENTATIONS = YES;
				CLANG_WARN_DIRECT_OBJC_ISA_USAGE = YES_ERROR;
				CLANG_WARN_DOCUMENTATION_COMMENTS = YES;
				CLANG_WARN_EMPTY_BODY = YES;
				CLANG_WARN_ENUM_CONVERSION = YES;
				CLANG_WARN_INFINITE_RECURSION = YES;
				CLANG_WARN_INT_CONVERSION = YES;
				CLANG_WARN_NON_LITERAL_NULL_CONVERSION = YES;
				CLANG_WARN_OBJC_IMPLICIT_RETAIN_SELF = YES;
				CLANG_WARN_OBJC_LITERAL_CONVERSION = YES;
				CLANG_WARN_OBJC_ROOT_CLASS = YES_ERROR;
				CLANG_WARN_QUOTED_INCLUDE_IN_FRAMEWORK_HEADER = YES;
				CLANG_WARN_RANGE_LOOP_ANALYSIS = YES;
				CLANG_WARN_STRICT_PROTOTYPES = YES;
				CLANG_WARN_SUSPICIOUS_MOVE = YES;
				CLANG_WARN_UNGUARDED_AVAILABILITY = YES_AGGRESSIVE;
				CLANG_WARN_UNREACHABLE_CODE = YES;
				CLANG_WARN__DUPLICATE_METHOD_MATCH = YES;
				COPY_PHASE_STRIP = NO;
				DEBUG_INFORMATION_FORMAT = dwarf;
				ENABLE_STRICT_OBJC_MSGSEND = YES;
				ENABLE_TESTABILITY = YES;
				ENABLE_USER_SCRIPT_SANDBOXING = YES;
				GCC_C_LANGUAGE_STANDARD = gnu17;
				GCC_DYNAMIC_NO_PIC = NO;
				GCC_NO_COMMON_BLOCKS = YES;
				GCC_OPTIMIZATION_LEVEL = 0;
				GCC_PREPROCESSOR_DEFINITIONS = (
					"DEBUG=1",
					"$(inherited)",
				);
				GCC_WARN_64_TO_32_BIT_CONVERSION = YES;
				GCC_WARN_ABOUT_RETURN_TYPE = YES_ERROR;
				GCC_WARN_UNDECLARED_SELECTOR = YES;
				GCC_WARN_UNINITIALIZED_AUTOS = YES_AGGRESSIVE;
				GCC_WARN_UNUSED_FUNCTION = YES;
				GCC_WARN_UNUSED_VARIABLE = YES;
				IPHONEOS_DEPLOYMENT_TARGET = 18.0;
				LOCALIZATION_PREFERS_STRING_CATALOGS = YES;
				MTL_ENABLE_DEBUG_INFO = INCLUDE_SOURCE;
				MTL_FAST_MATH = YES;
				ONLY_ACTIVE_ARCH = YES;
				SDKROOT = iphoneos;
				SWIFT_ACTIVE_COMPILATION_CONDITIONS = "DEBUG $(inherited)";
				SWIFT_OPTIMIZATION_LEVEL = "-Onone";
			};
			name = Debug;
		};
		A013DD802D207D19009B849D /* Release */ = {
			isa = XCBuildConfiguration;
			buildSettings = {
				ALWAYS_SEARCH_USER_PATHS = NO;
				ASSETCATALOG_COMPILER_GENERATE_SWIFT_ASSET_SYMBOL_EXTENSIONS = YES;
				CLANG_ANALYZER_NONNULL = YES;
				CLANG_ANALYZER_NUMBER_OBJECT_CONVERSION = YES_AGGRESSIVE;
				CLANG_CXX_LANGUAGE_STANDARD = "gnu++20";
				CLANG_ENABLE_MODULES = YES;
				CLANG_ENABLE_OBJC_ARC = YES;
				CLANG_ENABLE_OBJC_WEAK = YES;
				CLANG_WARN_BLOCK_CAPTURE_AUTORELEASING = YES;
				CLANG_WARN_BOOL_CONVERSION = YES;
				CLANG_WARN_COMMA = YES;
				CLANG_WARN_CONSTANT_CONVERSION = YES;
				CLANG_WARN_DEPRECATED_OBJC_IMPLEMENTATIONS = YES;
				CLANG_WARN_DIRECT_OBJC_ISA_USAGE = YES_ERROR;
				CLANG_WARN_DOCUMENTATION_COMMENTS = YES;
				CLANG_WARN_EMPTY_BODY = YES;
				CLANG_WARN_ENUM_CONVERSION = YES;
				CLANG_WARN_INFINITE_RECURSION = YES;
				CLANG_WARN_INT_CONVERSION = YES;
				CLANG_WARN_NON_LITERAL_NULL_CONVERSION = YES;
				CLANG_WARN_OBJC_IMPLICIT_RETAIN_SELF = YES;
				CLANG_WARN_OBJC_LITERAL_CONVERSION = YES;
				CLANG_WARN_OBJC_ROOT_CLASS = YES_ERROR;
				CLANG_WARN_QUOTED_INCLUDE_IN_FRAMEWORK_HEADER = YES;
				CLANG_WARN_RANGE_LOOP_ANALYSIS = YES;
				CLANG_WARN_STRICT_PROTOTYPES = YES;
				CLANG_WARN_SUSPICIOUS_MOVE = YES;
				CLANG_WARN_UNGUARDED_AVAILABILITY = YES_AGGRESSIVE;
				CLANG_WARN_UNREACHABLE_CODE = YES;
				CLANG_WARN__DUPLICATE_METHOD_MATCH = YES;
				COPY_PHASE_STRIP = NO;
				DEBUG_INFORMATION_FORMAT = "dwarf-with-dsym";
				ENABLE_NS_ASSERTIONS = NO;
				ENABLE_STRICT_OBJC_MSGSEND = YES;
				ENABLE_USER_SCRIPT_SANDBOXING = YES;
				GCC_C_LANGUAGE_STANDARD = gnu17;
				GCC_NO_COMMON_BLOCKS = YES;
				GCC_WARN_64_TO_32_BIT_CONVERSION = YES;
				GCC_WARN_ABOUT_RETURN_TYPE = YES_ERROR;
				GCC_WARN_UNDECLARED_SELECTOR = YES;
				GCC_WARN_UNINITIALIZED_AUTOS = YES_AGGRESSIVE;
				GCC_WARN_UNUSED_FUNCTION = YES;
				GCC_WARN_UNUSED_VARIABLE = YES;
				IPHONEOS_DEPLOYMENT_TARGET = 18.0;
				LOCALIZATION_PREFERS_STRING_CATALOGS = YES;
				MTL_ENABLE_DEBUG_INFO = NO;
				MTL_FAST_MATH = YES;
				SDKROOT = iphoneos;
				SWIFT_COMPILATION_MODE = wholemodule;
				VALIDATE_PRODUCT = YES;
			};
			name = Release;
		};
		A013DD822D207D19009B849D /* Debug */ = {
			isa = XCBuildConfiguration;
			buildSettings = {
				ASSETCATALOG_COMPILER_APPICON_NAME = AppIcon;
				ASSETCATALOG_COMPILER_GLOBAL_ACCENT_COLOR_NAME = AccentColor;
				CODE_SIGN_STYLE = Automatic;
				CURRENT_PROJECT_VERSION = 1;
				DEVELOPMENT_ASSET_PATHS = "\"HealthSense/Preview Content\"";
				ENABLE_PREVIEWS = YES;
				GENERATE_INFOPLIST_FILE = YES;
				INFOPLIST_KEY_UIApplicationSceneManifest_Generation = YES;
				INFOPLIST_KEY_UIApplicationSupportsIndirectInputEvents = YES;
				INFOPLIST_KEY_UILaunchScreen_Generation = YES;
				INFOPLIST_KEY_UISupportedInterfaceOrientations_iPad = "UIInterfaceOrientationPortrait UIInterfaceOrientationPortraitUpsideDown UIInterfaceOrientationLandscapeLeft UIInterfaceOrientationLandscapeRight";
				INFOPLIST_KEY_UISupportedInterfaceOrientations_iPhone = "UIInterfaceOrientationPortrait UIInterfaceOrientationLandscapeLeft UIInterfaceOrientationLandscapeRight";
				LD_RUNPATH_SEARCH_PATHS = (
					"$(inherited)",
					"@executable_path/Frameworks",
				);
				MARKETING_VERSION = 1.0;
				PRODUCT_BUNDLE_IDENTIFIER = ZetaSense.HealthSense;
				PRODUCT_NAME = "$(TARGET_NAME)";
				SWIFT_EMIT_LOC_STRINGS = YES;
				SWIFT_VERSION = 5.0;
				TARGETED_DEVICE_FAMILY = "1,2";
			};
			name = Debug;
		};
		A013DD832D207D19009B849D /* Release */ = {
			isa = XCBuildConfiguration;
			buildSettings = {
				ASSETCATALOG_COMPILER_APPICON_NAME = AppIcon;
				ASSETCATALOG_COMPILER_GLOBAL_ACCENT_COLOR_NAME = AccentColor;
				CODE_SIGN_STYLE = Automatic;
				CURRENT_PROJECT_VERSION = 1;
				DEVELOPMENT_ASSET_PATHS = "\"HealthSense/Preview Content\"";
				ENABLE_PREVIEWS = YES;
				GENERATE_INFOPLIST_FILE = YES;
				INFOPLIST_KEY_UIApplicationSceneManifest_Generation = YES;
				INFOPLIST_KEY_UIApplicationSupportsIndirectInputEvents = YES;
				INFOPLIST_KEY_UILaunchScreen_Generation = YES;
				INFOPLIST_KEY_UISupportedInterfaceOrientations_iPad = "UIInterfaceOrientationPortrait UIInterfaceOrientationPortraitUpsideDown UIInterfaceOrientationLandscapeLeft UIInterfaceOrientationLandscapeRight";
				INFOPLIST_KEY_UISupportedInterfaceOrientations_iPhone = "UIInterfaceOrientationPortrait UIInterfaceOrientationLandscapeLeft UIInterfaceOrientationLandscapeRight";
				LD_RUNPATH_SEARCH_PATHS = (
					"$(inherited)",
					"@executable_path/Frameworks",
				);
				MARKETING_VERSION = 1.0;
				PRODUCT_BUNDLE_IDENTIFIER = ZetaSense.HealthSense;
				PRODUCT_NAME = "$(TARGET_NAME)";
				SWIFT_EMIT_LOC_STRINGS = YES;
				SWIFT_VERSION = 5.0;
				TARGETED_DEVICE_FAMILY = "1,2";
			};
			name = Release;
		};
		A013DD852D207D19009B849D /* Debug */ = {
			isa = XCBuildConfiguration;
			buildSettings = {
				BUNDLE_LOADER = "$(TEST_HOST)";
				CODE_SIGN_STYLE = Automatic;
				CURRENT_PROJECT_VERSION = 1;
				GENERATE_INFOPLIST_FILE = YES;
				IPHONEOS_DEPLOYMENT_TARGET = 18.0;
				MARKETING_VERSION = 1.0;
				PRODUCT_BUNDLE_IDENTIFIER = ZetaSense.HealthSenseTests;
				PRODUCT_NAME = "$(TARGET_NAME)";
				SWIFT_EMIT_LOC_STRINGS = NO;
				SWIFT_VERSION = 5.0;
				TARGETED_DEVICE_FAMILY = "1,2";
				TEST_HOST = "$(BUILT_PRODUCTS_DIR)/HealthSense.app/$(BUNDLE_EXECUTABLE_FOLDER_PATH)/HealthSense";
			};
			name = Debug;
		};
		A013DD862D207D19009B849D /* Release */ = {
			isa = XCBuildConfiguration;
			buildSettings = {
				BUNDLE_LOADER = "$(TEST_HOST)";
				CODE_SIGN_STYLE = Automatic;
				CURRENT_PROJECT_VERSION = 1;
				GENERATE_INFOPLIST_FILE = YES;
				IPHONEOS_DEPLOYMENT_TARGET = 18.0;
				MARKETING_VERSION = 1.0;
				PRODUCT_BUNDLE_IDENTIFIER = ZetaSense.HealthSenseTests;
				PRODUCT_NAME = "$(TARGET_NAME)";
				SWIFT_EMIT_LOC_STRINGS = NO;
				SWIFT_VERSION = 5.0;
				TARGETED_DEVICE_FAMILY = "1,2";
				TEST_HOST = "$(BUILT_PRODUCTS_DIR)/HealthSense.app/$(BUNDLE_EXECUTABLE_FOLDER_PATH)/HealthSense";
			};
			name = Release;
		};
		A013DD882D207D19009B849D /* Debug */ = {
			isa = XCBuildConfiguration;
			buildSettings = {
				CODE_SIGN_STYLE = Automatic;
				CURRENT_PROJECT_VERSION = 1;
				GENERATE_INFOPLIST_FILE = YES;
				MARKETING_VERSION = 1.0;
				PRODUCT_BUNDLE_IDENTIFIER = ZetaSense.HealthSenseUITests;
				PRODUCT_NAME = "$(TARGET_NAME)";
				SWIFT_EMIT_LOC_STRINGS = NO;
				SWIFT_VERSION = 5.0;
				TARGETED_DEVICE_FAMILY = "1,2";
				TEST_TARGET_NAME = HealthSense;
			};
			name = Debug;
		};
		A013DD892D207D19009B849D /* Release */ = {
			isa = XCBuildConfiguration;
			buildSettings = {
				CODE_SIGN_STYLE = Automatic;
				CURRENT_PROJECT_VERSION = 1;
				GENERATE_INFOPLIST_FILE = YES;
				MARKETING_VERSION = 1.0;
				PRODUCT_BUNDLE_IDENTIFIER = ZetaSense.HealthSenseUITests;
				PRODUCT_NAME = "$(TARGET_NAME)";
				SWIFT_EMIT_LOC_STRINGS = NO;
				SWIFT_VERSION = 5.0;
				TARGETED_DEVICE_FAMILY = "1,2";
				TEST_TARGET_NAME = HealthSense;
			};
			name = Release;
		};
/* End XCBuildConfiguration section */

/* Begin XCConfigurationList section */
		A013DD582D207D17009B849D /* Build configuration list for PBXProject "HealthSense" */ = {
			isa = XCConfigurationList;
			buildConfigurations = (
				A013DD7F2D207D19009B849D /* Debug */,
				A013DD802D207D19009B849D /* Release */,
			);
			defaultConfigurationIsVisible = 0;
			defaultConfigurationName = Release;
		};
		A013DD812D207D19009B849D /* Build configuration list for PBXNativeTarget "HealthSense" */ = {
			isa = XCConfigurationList;
			buildConfigurations = (
				A013DD822D207D19009B849D /* Debug */,
				A013DD832D207D19009B849D /* Release */,
			);
			defaultConfigurationIsVisible = 0;
			defaultConfigurationName = Release;
		};
		A013DD842D207D19009B849D /* Build configuration list for PBXNativeTarget "HealthSenseTests" */ = {
			isa = XCConfigurationList;
			buildConfigurations = (
				A013DD852D207D19009B849D /* Debug */,
				A013DD862D207D19009B849D /* Release */,
			);
			defaultConfigurationIsVisible = 0;
			defaultConfigurationName = Release;
		};
		A013DD872D207D19009B849D /* Build configuration list for PBXNativeTarget "HealthSenseUITests" */ = {
			isa = XCConfigurationList;
			buildConfigurations = (
				A013DD882D207D19009B849D /* Debug */,
				A013DD892D207D19009B849D /* Release */,
			);
			defaultConfigurationIsVisible = 0;
			defaultConfigurationName = Release;
		};
/* End XCConfigurationList section */
	};
	rootObject = A013DD552D207D17009B849D /* Project object */;
}
